// !$*UTF8*$!
{
	archiveVersion = 1;
	classes = {
	};
	objectVersion = 50;
	objects = {

/* Begin PBXBuildFile section */
		4D8CA76DE4F3D1D623D003D6 /* Pods_GroceryHelperTests.framework in Frameworks */ = {isa = PBXBuildFile; fileRef = 5213BE1A59DB6A4FFD2FE75E /* Pods_GroceryHelperTests.framework */; };
		67113F4276FEEB0DEF2B967A /* Pods_GroceryHelperUITests.framework in Frameworks */ = {isa = PBXBuildFile; fileRef = 6B4A2F4354B1F49001373AB9 /* Pods_GroceryHelperUITests.framework */; };
		9276766E2294E2AA00CFB2E1 /* LoginViewController.swift in Sources */ = {isa = PBXBuildFile; fileRef = 9276766D2294E2AA00CFB2E1 /* LoginViewController.swift */; };
		9283B9BC228F9BCF00E607A9 /* AppDelegate.swift in Sources */ = {isa = PBXBuildFile; fileRef = 9283B9BB228F9BCF00E607A9 /* AppDelegate.swift */; };
		9283B9BE228F9BCF00E607A9 /* ViewController.swift in Sources */ = {isa = PBXBuildFile; fileRef = 9283B9BD228F9BCF00E607A9 /* ViewController.swift */; };
		9283B9C1228F9BCF00E607A9 /* Main.storyboard in Resources */ = {isa = PBXBuildFile; fileRef = 9283B9BF228F9BCF00E607A9 /* Main.storyboard */; settings = {ASSET_TAGS = (Milk, ); }; };
		9283B9C3228F9BD000E607A9 /* Assets.xcassets in Resources */ = {isa = PBXBuildFile; fileRef = 9283B9C2228F9BD000E607A9 /* Assets.xcassets */; };
		9283B9C6228F9BD000E607A9 /* LaunchScreen.storyboard in Resources */ = {isa = PBXBuildFile; fileRef = 9283B9C4228F9BD000E607A9 /* LaunchScreen.storyboard */; };
		9283B9D1228F9BD000E607A9 /* GroceryHelperTests.swift in Sources */ = {isa = PBXBuildFile; fileRef = 9283B9D0228F9BD000E607A9 /* GroceryHelperTests.swift */; };
		9283B9DC228F9BD000E607A9 /* GroceryHelperUITests.swift in Sources */ = {isa = PBXBuildFile; fileRef = 9283B9DB228F9BD000E607A9 /* GroceryHelperUITests.swift */; };
		92BFCBB1229D22B400ECE6CE /* LaunchImage-568h@2x~iphone_640x1136.png in Resources */ = {isa = PBXBuildFile; fileRef = 92BFCBB0229D22B400ECE6CE /* LaunchImage-568h@2x~iphone_640x1136.png */; };
		92BFCBB6229D28B300ECE6CE /* groceryhelper.png in Resources */ = {isa = PBXBuildFile; fileRef = 92BFCBB5229D28B300ECE6CE /* groceryhelper.png */; };
		92E489FA229629FC00E688C7 /* GoogleService-Info.plist in Resources */ = {isa = PBXBuildFile; fileRef = 92E489F9229629FC00E688C7 /* GoogleService-Info.plist */; };
		D09C1A34015DC5C6E978ADA8 /* Pods_GroceryHelper.framework in Frameworks */ = {isa = PBXBuildFile; fileRef = AA546EEED6DD370F296D7ED0 /* Pods_GroceryHelper.framework */; };
/* End PBXBuildFile section */

/* Begin PBXContainerItemProxy section */
		9283B9CD228F9BD000E607A9 /* PBXContainerItemProxy */ = {
			isa = PBXContainerItemProxy;
			containerPortal = 9283B9B0228F9BCF00E607A9 /* Project object */;
			proxyType = 1;
			remoteGlobalIDString = 9283B9B7228F9BCF00E607A9;
			remoteInfo = GroceryHelper;
		};
		9283B9D8228F9BD000E607A9 /* PBXContainerItemProxy */ = {
			isa = PBXContainerItemProxy;
			containerPortal = 9283B9B0228F9BCF00E607A9 /* Project object */;
			proxyType = 1;
			remoteGlobalIDString = 9283B9B7228F9BCF00E607A9;
			remoteInfo = GroceryHelper;
		};
/* End PBXContainerItemProxy section */

/* Begin PBXFileReference section */
		0F762FE9A426012A46EE1ADD /* Pods-GroceryHelperUITests.release.xcconfig */ = {isa = PBXFileReference; includeInIndex = 1; lastKnownFileType = text.xcconfig; name = "Pods-GroceryHelperUITests.release.xcconfig"; path = "Target Support Files/Pods-GroceryHelperUITests/Pods-GroceryHelperUITests.release.xcconfig"; sourceTree = "<group>"; };
		5213BE1A59DB6A4FFD2FE75E /* Pods_GroceryHelperTests.framework */ = {isa = PBXFileReference; explicitFileType = wrapper.framework; includeInIndex = 0; path = Pods_GroceryHelperTests.framework; sourceTree = BUILT_PRODUCTS_DIR; };
		6190E301AABBB22FE9E34D6D /* Pods-GroceryHelper.release.xcconfig */ = {isa = PBXFileReference; includeInIndex = 1; lastKnownFileType = text.xcconfig; name = "Pods-GroceryHelper.release.xcconfig"; path = "Target Support Files/Pods-GroceryHelper/Pods-GroceryHelper.release.xcconfig"; sourceTree = "<group>"; };
		61EAA960B0585488791551B1 /* Pods-GroceryHelperTests.debug.xcconfig */ = {isa = PBXFileReference; includeInIndex = 1; lastKnownFileType = text.xcconfig; name = "Pods-GroceryHelperTests.debug.xcconfig"; path = "Target Support Files/Pods-GroceryHelperTests/Pods-GroceryHelperTests.debug.xcconfig"; sourceTree = "<group>"; };
		6B4A2F4354B1F49001373AB9 /* Pods_GroceryHelperUITests.framework */ = {isa = PBXFileReference; explicitFileType = wrapper.framework; includeInIndex = 0; path = Pods_GroceryHelperUITests.framework; sourceTree = BUILT_PRODUCTS_DIR; };
		9276766D2294E2AA00CFB2E1 /* LoginViewController.swift */ = {isa = PBXFileReference; lastKnownFileType = sourcecode.swift; path = LoginViewController.swift; sourceTree = "<group>"; };
		9283B9B8228F9BCF00E607A9 /* GroceryHelper.app */ = {isa = PBXFileReference; explicitFileType = wrapper.application; includeInIndex = 0; path = GroceryHelper.app; sourceTree = BUILT_PRODUCTS_DIR; };
		9283B9BB228F9BCF00E607A9 /* AppDelegate.swift */ = {isa = PBXFileReference; lastKnownFileType = sourcecode.swift; path = AppDelegate.swift; sourceTree = "<group>"; };
		9283B9BD228F9BCF00E607A9 /* ViewController.swift */ = {isa = PBXFileReference; lastKnownFileType = sourcecode.swift; path = ViewController.swift; sourceTree = "<group>"; };
		9283B9C0228F9BCF00E607A9 /* Base */ = {isa = PBXFileReference; lastKnownFileType = file.storyboard; name = Base; path = Base.lproj/Main.storyboard; sourceTree = "<group>"; };
		9283B9C2228F9BD000E607A9 /* Assets.xcassets */ = {isa = PBXFileReference; lastKnownFileType = folder.assetcatalog; path = Assets.xcassets; sourceTree = "<group>"; };
		9283B9C5228F9BD000E607A9 /* Base */ = {isa = PBXFileReference; lastKnownFileType = file.storyboard; name = Base; path = Base.lproj/LaunchScreen.storyboard; sourceTree = "<group>"; };
		9283B9C7228F9BD000E607A9 /* Info.plist */ = {isa = PBXFileReference; lastKnownFileType = text.plist.xml; path = Info.plist; sourceTree = "<group>"; };
		9283B9CC228F9BD000E607A9 /* GroceryHelperTests.xctest */ = {isa = PBXFileReference; explicitFileType = wrapper.cfbundle; includeInIndex = 0; path = GroceryHelperTests.xctest; sourceTree = BUILT_PRODUCTS_DIR; };
		9283B9D0228F9BD000E607A9 /* GroceryHelperTests.swift */ = {isa = PBXFileReference; lastKnownFileType = sourcecode.swift; path = GroceryHelperTests.swift; sourceTree = "<group>"; };
		9283B9D2228F9BD000E607A9 /* Info.plist */ = {isa = PBXFileReference; lastKnownFileType = text.plist.xml; path = Info.plist; sourceTree = "<group>"; };
		9283B9D7228F9BD000E607A9 /* GroceryHelperUITests.xctest */ = {isa = PBXFileReference; explicitFileType = wrapper.cfbundle; includeInIndex = 0; path = GroceryHelperUITests.xctest; sourceTree = BUILT_PRODUCTS_DIR; };
		9283B9DB228F9BD000E607A9 /* GroceryHelperUITests.swift */ = {isa = PBXFileReference; lastKnownFileType = sourcecode.swift; path = GroceryHelperUITests.swift; sourceTree = "<group>"; };
		9283B9DD228F9BD000E607A9 /* Info.plist */ = {isa = PBXFileReference; lastKnownFileType = text.plist.xml; path = Info.plist; sourceTree = "<group>"; };
		92BFCBB0229D22B400ECE6CE /* LaunchImage-568h@2x~iphone_640x1136.png */ = {isa = PBXFileReference; lastKnownFileType = image.png; path = "LaunchImage-568h@2x~iphone_640x1136.png"; sourceTree = "<group>"; };
		92BFCBB5229D28B300ECE6CE /* groceryhelper.png */ = {isa = PBXFileReference; lastKnownFileType = image.png; path = groceryhelper.png; sourceTree = "<group>"; };
		92E489F9229629FC00E688C7 /* GoogleService-Info.plist */ = {isa = PBXFileReference; fileEncoding = 4; lastKnownFileType = text.plist.xml; path = "GoogleService-Info.plist"; sourceTree = "<group>"; };
		97A3138E077C9C446D93ED45 /* Pods-GroceryHelperTests.release.xcconfig */ = {isa = PBXFileReference; includeInIndex = 1; lastKnownFileType = text.xcconfig; name = "Pods-GroceryHelperTests.release.xcconfig"; path = "Target Support Files/Pods-GroceryHelperTests/Pods-GroceryHelperTests.release.xcconfig"; sourceTree = "<group>"; };
		AA546EEED6DD370F296D7ED0 /* Pods_GroceryHelper.framework */ = {isa = PBXFileReference; explicitFileType = wrapper.framework; includeInIndex = 0; path = Pods_GroceryHelper.framework; sourceTree = BUILT_PRODUCTS_DIR; };
		B36358C5417BA1B9705E71BE /* Pods-GroceryHelperUITests.debug.xcconfig */ = {isa = PBXFileReference; includeInIndex = 1; lastKnownFileType = text.xcconfig; name = "Pods-GroceryHelperUITests.debug.xcconfig"; path = "Target Support Files/Pods-GroceryHelperUITests/Pods-GroceryHelperUITests.debug.xcconfig"; sourceTree = "<group>"; };
		F1369F23B67805E201289FD1 /* Pods-GroceryHelper.debug.xcconfig */ = {isa = PBXFileReference; includeInIndex = 1; lastKnownFileType = text.xcconfig; name = "Pods-GroceryHelper.debug.xcconfig"; path = "Target Support Files/Pods-GroceryHelper/Pods-GroceryHelper.debug.xcconfig"; sourceTree = "<group>"; };
/* End PBXFileReference section */

/* Begin PBXFrameworksBuildPhase section */
		9283B9B5228F9BCF00E607A9 /* Frameworks */ = {
			isa = PBXFrameworksBuildPhase;
			buildActionMask = 2147483647;
			files = (
				D09C1A34015DC5C6E978ADA8 /* Pods_GroceryHelper.framework in Frameworks */,
			);
			runOnlyForDeploymentPostprocessing = 0;
		};
		9283B9C9228F9BD000E607A9 /* Frameworks */ = {
			isa = PBXFrameworksBuildPhase;
			buildActionMask = 2147483647;
			files = (
				4D8CA76DE4F3D1D623D003D6 /* Pods_GroceryHelperTests.framework in Frameworks */,
			);
			runOnlyForDeploymentPostprocessing = 0;
		};
		9283B9D4228F9BD000E607A9 /* Frameworks */ = {
			isa = PBXFrameworksBuildPhase;
			buildActionMask = 2147483647;
			files = (
				67113F4276FEEB0DEF2B967A /* Pods_GroceryHelperUITests.framework in Frameworks */,
			);
			runOnlyForDeploymentPostprocessing = 0;
		};
/* End PBXFrameworksBuildPhase section */

/* Begin PBXGroup section */
		9283B9AF228F9BCF00E607A9 = {
			isa = PBXGroup;
			children = (
				9283B9BA228F9BCF00E607A9 /* GroceryHelper */,
				9283B9CF228F9BD000E607A9 /* GroceryHelperTests */,
				9283B9DA228F9BD000E607A9 /* GroceryHelperUITests */,
				9283B9B9228F9BCF00E607A9 /* Products */,
				E062B6135B81B42D1EC9A92D /* Pods */,
				B6D46B101605A3F76FF94ED6 /* Frameworks */,
			);
			sourceTree = "<group>";
		};
		9283B9B9228F9BCF00E607A9 /* Products */ = {
			isa = PBXGroup;
			children = (
				9283B9B8228F9BCF00E607A9 /* GroceryHelper.app */,
				9283B9CC228F9BD000E607A9 /* GroceryHelperTests.xctest */,
				9283B9D7228F9BD000E607A9 /* GroceryHelperUITests.xctest */,
			);
			name = Products;
			sourceTree = "<group>";
		};
		9283B9BA228F9BCF00E607A9 /* GroceryHelper */ = {
			isa = PBXGroup;
			children = (
				9283B9BB228F9BCF00E607A9 /* AppDelegate.swift */,
				9283B9BD228F9BCF00E607A9 /* ViewController.swift */,
				9283B9BF228F9BCF00E607A9 /* Main.storyboard */,
				9283B9C2228F9BD000E607A9 /* Assets.xcassets */,
				9283B9C4228F9BD000E607A9 /* LaunchScreen.storyboard */,
				9283B9C7228F9BD000E607A9 /* Info.plist */,
				9276766D2294E2AA00CFB2E1 /* LoginViewController.swift */,
				92BFCBB2229D232300ECE6CE /* images */,
				92E489F9229629FC00E688C7 /* GoogleService-Info.plist */,
			);
			path = GroceryHelper;
			sourceTree = "<group>";
		};
		9283B9CF228F9BD000E607A9 /* GroceryHelperTests */ = {
			isa = PBXGroup;
			children = (
				9283B9D0228F9BD000E607A9 /* GroceryHelperTests.swift */,
				9283B9D2228F9BD000E607A9 /* Info.plist */,
			);
			path = GroceryHelperTests;
			sourceTree = "<group>";
		};
		9283B9DA228F9BD000E607A9 /* GroceryHelperUITests */ = {
			isa = PBXGroup;
			children = (
				9283B9DB228F9BD000E607A9 /* GroceryHelperUITests.swift */,
				9283B9DD228F9BD000E607A9 /* Info.plist */,
			);
			path = GroceryHelperUITests;
			sourceTree = "<group>";
		};
		92BFCBB2229D232300ECE6CE /* images */ = {
			isa = PBXGroup;
			children = (
				92BFCBB5229D28B300ECE6CE /* groceryhelper.png */,
				92BFCBB0229D22B400ECE6CE /* LaunchImage-568h@2x~iphone_640x1136.png */,
			);
			path = images;
			sourceTree = "<group>";
		};
		B6D46B101605A3F76FF94ED6 /* Frameworks */ = {
			isa = PBXGroup;
			children = (
				AA546EEED6DD370F296D7ED0 /* Pods_GroceryHelper.framework */,
				5213BE1A59DB6A4FFD2FE75E /* Pods_GroceryHelperTests.framework */,
				6B4A2F4354B1F49001373AB9 /* Pods_GroceryHelperUITests.framework */,
			);
			name = Frameworks;
			sourceTree = "<group>";
		};
		E062B6135B81B42D1EC9A92D /* Pods */ = {
			isa = PBXGroup;
			children = (
				F1369F23B67805E201289FD1 /* Pods-GroceryHelper.debug.xcconfig */,
				6190E301AABBB22FE9E34D6D /* Pods-GroceryHelper.release.xcconfig */,
				61EAA960B0585488791551B1 /* Pods-GroceryHelperTests.debug.xcconfig */,
				97A3138E077C9C446D93ED45 /* Pods-GroceryHelperTests.release.xcconfig */,
				B36358C5417BA1B9705E71BE /* Pods-GroceryHelperUITests.debug.xcconfig */,
				0F762FE9A426012A46EE1ADD /* Pods-GroceryHelperUITests.release.xcconfig */,
			);
			path = Pods;
			sourceTree = "<group>";
		};
/* End PBXGroup section */

/* Begin PBXNativeTarget section */
		9283B9B7228F9BCF00E607A9 /* GroceryHelper */ = {
			isa = PBXNativeTarget;
			buildConfigurationList = 9283B9E0228F9BD000E607A9 /* Build configuration list for PBXNativeTarget "GroceryHelper" */;
			buildPhases = (
				4FAA8AB01082368253009D51 /* [CP] Check Pods Manifest.lock */,
				9283B9B4228F9BCF00E607A9 /* Sources */,
				9283B9B5228F9BCF00E607A9 /* Frameworks */,
				9283B9B6228F9BCF00E607A9 /* Resources */,
				BB95597EA4A48FB606600A2D /* [CP] Embed Pods Frameworks */,
			);
			buildRules = (
			);
			dependencies = (
			);
			name = GroceryHelper;
			productName = GroceryHelper;
			productReference = 9283B9B8228F9BCF00E607A9 /* GroceryHelper.app */;
			productType = "com.apple.product-type.application";
		};
		9283B9CB228F9BD000E607A9 /* GroceryHelperTests */ = {
			isa = PBXNativeTarget;
			buildConfigurationList = 9283B9E3228F9BD000E607A9 /* Build configuration list for PBXNativeTarget "GroceryHelperTests" */;
			buildPhases = (
				6034A297DA207D107B04116A /* [CP] Check Pods Manifest.lock */,
				9283B9C8228F9BD000E607A9 /* Sources */,
				9283B9C9228F9BD000E607A9 /* Frameworks */,
				9283B9CA228F9BD000E607A9 /* Resources */,
			);
			buildRules = (
			);
			dependencies = (
				9283B9CE228F9BD000E607A9 /* PBXTargetDependency */,
			);
			name = GroceryHelperTests;
			productName = GroceryHelperTests;
			productReference = 9283B9CC228F9BD000E607A9 /* GroceryHelperTests.xctest */;
			productType = "com.apple.product-type.bundle.unit-test";
		};
		9283B9D6228F9BD000E607A9 /* GroceryHelperUITests */ = {
			isa = PBXNativeTarget;
			buildConfigurationList = 9283B9E6228F9BD000E607A9 /* Build configuration list for PBXNativeTarget "GroceryHelperUITests" */;
			buildPhases = (
				EA9DF2F78FF835A7A19B261D /* [CP] Check Pods Manifest.lock */,
				9283B9D3228F9BD000E607A9 /* Sources */,
				9283B9D4228F9BD000E607A9 /* Frameworks */,
				9283B9D5228F9BD000E607A9 /* Resources */,
			);
			buildRules = (
			);
			dependencies = (
				9283B9D9228F9BD000E607A9 /* PBXTargetDependency */,
			);
			name = GroceryHelperUITests;
			productName = GroceryHelperUITests;
			productReference = 9283B9D7228F9BD000E607A9 /* GroceryHelperUITests.xctest */;
			productType = "com.apple.product-type.bundle.ui-testing";
		};
/* End PBXNativeTarget section */

/* Begin PBXProject section */
		9283B9B0228F9BCF00E607A9 /* Project object */ = {
			isa = PBXProject;
			attributes = {
				KnownAssetTags = (
					Milk,
				);
				LastSwiftUpdateCheck = 1020;
				LastUpgradeCheck = 1020;
				ORGANIZATIONNAME = user150278;
				TargetAttributes = {
					9283B9B7228F9BCF00E607A9 = {
						CreatedOnToolsVersion = 10.2.1;
					};
					9283B9CB228F9BD000E607A9 = {
						CreatedOnToolsVersion = 10.2.1;
						TestTargetID = 9283B9B7228F9BCF00E607A9;
					};
					9283B9D6228F9BD000E607A9 = {
						CreatedOnToolsVersion = 10.2.1;
						TestTargetID = 9283B9B7228F9BCF00E607A9;
					};
				};
			};
			buildConfigurationList = 9283B9B3228F9BCF00E607A9 /* Build configuration list for PBXProject "GroceryHelper" */;
			compatibilityVersion = "Xcode 9.3";
			developmentRegion = en;
			hasScannedForEncodings = 0;
			knownRegions = (
				en,
				Base,
			);
			mainGroup = 9283B9AF228F9BCF00E607A9;
			productRefGroup = 9283B9B9228F9BCF00E607A9 /* Products */;
			projectDirPath = "";
			projectRoot = "";
			targets = (
				9283B9B7228F9BCF00E607A9 /* GroceryHelper */,
				9283B9CB228F9BD000E607A9 /* GroceryHelperTests */,
				9283B9D6228F9BD000E607A9 /* GroceryHelperUITests */,
			);
		};
/* End PBXProject section */

/* Begin PBXResourcesBuildPhase section */
		9283B9B6228F9BCF00E607A9 /* Resources */ = {
			isa = PBXResourcesBuildPhase;
			buildActionMask = 2147483647;
			files = (
				9283B9C6228F9BD000E607A9 /* LaunchScreen.storyboard in Resources */,
				92BFCBB1229D22B400ECE6CE /* LaunchImage-568h@2x~iphone_640x1136.png in Resources */,
				92E489FA229629FC00E688C7 /* GoogleService-Info.plist in Resources */,
				92BFCBB6229D28B300ECE6CE /* groceryhelper.png in Resources */,
				9283B9C3228F9BD000E607A9 /* Assets.xcassets in Resources */,
				9283B9C1228F9BCF00E607A9 /* Main.storyboard in Resources */,
			);
			runOnlyForDeploymentPostprocessing = 0;
		};
		9283B9CA228F9BD000E607A9 /* Resources */ = {
			isa = PBXResourcesBuildPhase;
			buildActionMask = 2147483647;
			files = (
			);
			runOnlyForDeploymentPostprocessing = 0;
		};
		9283B9D5228F9BD000E607A9 /* Resources */ = {
			isa = PBXResourcesBuildPhase;
			buildActionMask = 2147483647;
			files = (
			);
			runOnlyForDeploymentPostprocessing = 0;
		};
/* End PBXResourcesBuildPhase section */

/* Begin PBXShellScriptBuildPhase section */
		4FAA8AB01082368253009D51 /* [CP] Check Pods Manifest.lock */ = {
			isa = PBXShellScriptBuildPhase;
			buildActionMask = 2147483647;
			files = (
			);
			inputFileListPaths = (
			);
			inputPaths = (
				"${PODS_PODFILE_DIR_PATH}/Podfile.lock",
				"${PODS_ROOT}/Manifest.lock",
			);
			name = "[CP] Check Pods Manifest.lock";
			outputFileListPaths = (
			);
			outputPaths = (
				"$(DERIVED_FILE_DIR)/Pods-GroceryHelper-checkManifestLockResult.txt",
			);
			runOnlyForDeploymentPostprocessing = 0;
			shellPath = /bin/sh;
			shellScript = "diff \"${PODS_PODFILE_DIR_PATH}/Podfile.lock\" \"${PODS_ROOT}/Manifest.lock\" > /dev/null\nif [ $? != 0 ] ; then\n    # print error to STDERR\n    echo \"error: The sandbox is not in sync with the Podfile.lock. Run 'pod install' or update your CocoaPods installation.\" >&2\n    exit 1\nfi\n# This output is used by Xcode 'outputs' to avoid re-running this script phase.\necho \"SUCCESS\" > \"${SCRIPT_OUTPUT_FILE_0}\"\n";
			showEnvVarsInLog = 0;
		};
		6034A297DA207D107B04116A /* [CP] Check Pods Manifest.lock */ = {
			isa = PBXShellScriptBuildPhase;
			buildActionMask = 2147483647;
			files = (
			);
			inputFileListPaths = (
			);
			inputPaths = (
				"${PODS_PODFILE_DIR_PATH}/Podfile.lock",
				"${PODS_ROOT}/Manifest.lock",
			);
			name = "[CP] Check Pods Manifest.lock";
			outputFileListPaths = (
			);
			outputPaths = (
				"$(DERIVED_FILE_DIR)/Pods-GroceryHelperTests-checkManifestLockResult.txt",
			);
			runOnlyForDeploymentPostprocessing = 0;
			shellPath = /bin/sh;
			shellScript = "diff \"${PODS_PODFILE_DIR_PATH}/Podfile.lock\" \"${PODS_ROOT}/Manifest.lock\" > /dev/null\nif [ $? != 0 ] ; then\n    # print error to STDERR\n    echo \"error: The sandbox is not in sync with the Podfile.lock. Run 'pod install' or update your CocoaPods installation.\" >&2\n    exit 1\nfi\n# This output is used by Xcode 'outputs' to avoid re-running this script phase.\necho \"SUCCESS\" > \"${SCRIPT_OUTPUT_FILE_0}\"\n";
			showEnvVarsInLog = 0;
		};
		BB95597EA4A48FB606600A2D /* [CP] Embed Pods Frameworks */ = {
			isa = PBXShellScriptBuildPhase;
			buildActionMask = 2147483647;
			files = (
			);
			inputFileListPaths = (
			);
			inputPaths = (
				"${PODS_ROOT}/Target Support Files/Pods-GroceryHelper/Pods-GroceryHelper-frameworks.sh",
				"${BUILT_PRODUCTS_DIR}/GTMSessionFetcher/GTMSessionFetcher.framework",
				"${BUILT_PRODUCTS_DIR}/GoogleUtilities/GoogleUtilities.framework",
				"${BUILT_PRODUCTS_DIR}/nanopb/nanopb.framework",
			);
			name = "[CP] Embed Pods Frameworks";
			outputFileListPaths = (
			);
			outputPaths = (
				"${TARGET_BUILD_DIR}/${FRAMEWORKS_FOLDER_PATH}/GTMSessionFetcher.framework",
				"${TARGET_BUILD_DIR}/${FRAMEWORKS_FOLDER_PATH}/GoogleUtilities.framework",
				"${TARGET_BUILD_DIR}/${FRAMEWORKS_FOLDER_PATH}/nanopb.framework",
			);
			runOnlyForDeploymentPostprocessing = 0;
			shellPath = /bin/sh;
			shellScript = "\"${PODS_ROOT}/Target Support Files/Pods-GroceryHelper/Pods-GroceryHelper-frameworks.sh\"\n";
			showEnvVarsInLog = 0;
		};
		EA9DF2F78FF835A7A19B261D /* [CP] Check Pods Manifest.lock */ = {
			isa = PBXShellScriptBuildPhase;
			buildActionMask = 2147483647;
			files = (
			);
			inputFileListPaths = (
			);
			inputPaths = (
				"${PODS_PODFILE_DIR_PATH}/Podfile.lock",
				"${PODS_ROOT}/Manifest.lock",
			);
			name = "[CP] Check Pods Manifest.lock";
			outputFileListPaths = (
			);
			outputPaths = (
				"$(DERIVED_FILE_DIR)/Pods-GroceryHelperUITests-checkManifestLockResult.txt",
			);
			runOnlyForDeploymentPostprocessing = 0;
			shellPath = /bin/sh;
			shellScript = "diff \"${PODS_PODFILE_DIR_PATH}/Podfile.lock\" \"${PODS_ROOT}/Manifest.lock\" > /dev/null\nif [ $? != 0 ] ; then\n    # print error to STDERR\n    echo \"error: The sandbox is not in sync with the Podfile.lock. Run 'pod install' or update your CocoaPods installation.\" >&2\n    exit 1\nfi\n# This output is used by Xcode 'outputs' to avoid re-running this script phase.\necho \"SUCCESS\" > \"${SCRIPT_OUTPUT_FILE_0}\"\n";
			showEnvVarsInLog = 0;
		};
/* End PBXShellScriptBuildPhase section */

/* Begin PBXSourcesBuildPhase section */
		9283B9B4228F9BCF00E607A9 /* Sources */ = {
			isa = PBXSourcesBuildPhase;
			buildActionMask = 2147483647;
			files = (
				9276766E2294E2AA00CFB2E1 /* LoginViewController.swift in Sources */,
				9283B9BE228F9BCF00E607A9 /* ViewController.swift in Sources */,
				9283B9BC228F9BCF00E607A9 /* AppDelegate.swift in Sources */,
			);
			runOnlyForDeploymentPostprocessing = 0;
		};
		9283B9C8228F9BD000E607A9 /* Sources */ = {
			isa = PBXSourcesBuildPhase;
			buildActionMask = 2147483647;
			files = (
				9283B9D1228F9BD000E607A9 /* GroceryHelperTests.swift in Sources */,
			);
			runOnlyForDeploymentPostprocessing = 0;
		};
		9283B9D3228F9BD000E607A9 /* Sources */ = {
			isa = PBXSourcesBuildPhase;
			buildActionMask = 2147483647;
			files = (
				9283B9DC228F9BD000E607A9 /* GroceryHelperUITests.swift in Sources */,
			);
			runOnlyForDeploymentPostprocessing = 0;
		};
/* End PBXSourcesBuildPhase section */

/* Begin PBXTargetDependency section */
		9283B9CE228F9BD000E607A9 /* PBXTargetDependency */ = {
			isa = PBXTargetDependency;
			target = 9283B9B7228F9BCF00E607A9 /* GroceryHelper */;
			targetProxy = 9283B9CD228F9BD000E607A9 /* PBXContainerItemProxy */;
		};
		9283B9D9228F9BD000E607A9 /* PBXTargetDependency */ = {
			isa = PBXTargetDependency;
			target = 9283B9B7228F9BCF00E607A9 /* GroceryHelper */;
			targetProxy = 9283B9D8228F9BD000E607A9 /* PBXContainerItemProxy */;
		};
/* End PBXTargetDependency section */

/* Begin PBXVariantGroup section */
		9283B9BF228F9BCF00E607A9 /* Main.storyboard */ = {
			isa = PBXVariantGroup;
			children = (
				9283B9C0228F9BCF00E607A9 /* Base */,
			);
			name = Main.storyboard;
			sourceTree = "<group>";
		};
		9283B9C4228F9BD000E607A9 /* LaunchScreen.storyboard */ = {
			isa = PBXVariantGroup;
			children = (
				9283B9C5228F9BD000E607A9 /* Base */,
			);
			name = LaunchScreen.storyboard;
			sourceTree = "<group>";
		};
/* End PBXVariantGroup section */

/* Begin XCBuildConfiguration section */
		9283B9DE228F9BD000E607A9 /* Debug */ = {
			isa = XCBuildConfiguration;
			buildSettings = {
				ALWAYS_SEARCH_USER_PATHS = NO;
				CLANG_ANALYZER_NONNULL = YES;
				CLANG_ANALYZER_NUMBER_OBJECT_CONVERSION = YES_AGGRESSIVE;
				CLANG_CXX_LANGUAGE_STANDARD = "gnu++14";
				CLANG_CXX_LIBRARY = "libc++";
				CLANG_ENABLE_MODULES = YES;
				CLANG_ENABLE_OBJC_ARC = YES;
				CLANG_ENABLE_OBJC_WEAK = YES;
				CLANG_WARN_BLOCK_CAPTURE_AUTORELEASING = YES;
				CLANG_WARN_BOOL_CONVERSION = YES;
				CLANG_WARN_COMMA = YES;
				CLANG_WARN_CONSTANT_CONVERSION = YES;
				CLANG_WARN_DEPRECATED_OBJC_IMPLEMENTATIONS = YES;
				CLANG_WARN_DIRECT_OBJC_ISA_USAGE = YES_ERROR;
				CLANG_WARN_DOCUMENTATION_COMMENTS = YES;
				CLANG_WARN_EMPTY_BODY = YES;
				CLANG_WARN_ENUM_CONVERSION = YES;
				CLANG_WARN_INFINITE_RECURSION = YES;
				CLANG_WARN_INT_CONVERSION = YES;
				CLANG_WARN_NON_LITERAL_NULL_CONVERSION = YES;
				CLANG_WARN_OBJC_IMPLICIT_RETAIN_SELF = YES;
				CLANG_WARN_OBJC_LITERAL_CONVERSION = YES;
				CLANG_WARN_OBJC_ROOT_CLASS = YES_ERROR;
				CLANG_WARN_RANGE_LOOP_ANALYSIS = YES;
				CLANG_WARN_STRICT_PROTOTYPES = YES;
				CLANG_WARN_SUSPICIOUS_MOVE = YES;
				CLANG_WARN_UNGUARDED_AVAILABILITY = YES_AGGRESSIVE;
				CLANG_WARN_UNREACHABLE_CODE = YES;
				CLANG_WARN__DUPLICATE_METHOD_MATCH = YES;
				CODE_SIGN_IDENTITY = "iPhone Developer";
				COPY_PHASE_STRIP = NO;
				DEBUG_INFORMATION_FORMAT = dwarf;
				ENABLE_STRICT_OBJC_MSGSEND = YES;
				ENABLE_TESTABILITY = YES;
				GCC_C_LANGUAGE_STANDARD = gnu11;
				GCC_DYNAMIC_NO_PIC = NO;
				GCC_NO_COMMON_BLOCKS = YES;
				GCC_OPTIMIZATION_LEVEL = 0;
				GCC_PREPROCESSOR_DEFINITIONS = (
					"DEBUG=1",
					"$(inherited)",
				);
				GCC_WARN_64_TO_32_BIT_CONVERSION = YES;
				GCC_WARN_ABOUT_RETURN_TYPE = YES_ERROR;
				GCC_WARN_UNDECLARED_SELECTOR = YES;
				GCC_WARN_UNINITIALIZED_AUTOS = YES_AGGRESSIVE;
				GCC_WARN_UNUSED_FUNCTION = YES;
				GCC_WARN_UNUSED_VARIABLE = YES;
				IPHONEOS_DEPLOYMENT_TARGET = 12.2;
				MTL_ENABLE_DEBUG_INFO = INCLUDE_SOURCE;
				MTL_FAST_MATH = YES;
				ONLY_ACTIVE_ARCH = YES;
				SDKROOT = iphoneos;
				SWIFT_ACTIVE_COMPILATION_CONDITIONS = DEBUG;
				SWIFT_OPTIMIZATION_LEVEL = "-Onone";
			};
			name = Debug;
		};
		9283B9DF228F9BD000E607A9 /* Release */ = {
			isa = XCBuildConfiguration;
			buildSettings = {
				ALWAYS_SEARCH_USER_PATHS = NO;
				CLANG_ANALYZER_NONNULL = YES;
				CLANG_ANALYZER_NUMBER_OBJECT_CONVERSION = YES_AGGRESSIVE;
				CLANG_CXX_LANGUAGE_STANDARD = "gnu++14";
				CLANG_CXX_LIBRARY = "libc++";
				CLANG_ENABLE_MODULES = YES;
				CLANG_ENABLE_OBJC_ARC = YES;
				CLANG_ENABLE_OBJC_WEAK = YES;
				CLANG_WARN_BLOCK_CAPTURE_AUTORELEASING = YES;
				CLANG_WARN_BOOL_CONVERSION = YES;
				CLANG_WARN_COMMA = YES;
				CLANG_WARN_CONSTANT_CONVERSION = YES;
				CLANG_WARN_DEPRECATED_OBJC_IMPLEMENTATIONS = YES;
				CLANG_WARN_DIRECT_OBJC_ISA_USAGE = YES_ERROR;
				CLANG_WARN_DOCUMENTATION_COMMENTS = YES;
				CLANG_WARN_EMPTY_BODY = YES;
				CLANG_WARN_ENUM_CONVERSION = YES;
				CLANG_WARN_INFINITE_RECURSION = YES;
				CLANG_WARN_INT_CONVERSION = YES;
				CLANG_WARN_NON_LITERAL_NULL_CONVERSION = YES;
				CLANG_WARN_OBJC_IMPLICIT_RETAIN_SELF = YES;
				CLANG_WARN_OBJC_LITERAL_CONVERSION = YES;
				CLANG_WARN_OBJC_ROOT_CLASS = YES_ERROR;
				CLANG_WARN_RANGE_LOOP_ANALYSIS = YES;
				CLANG_WARN_STRICT_PROTOTYPES = YES;
				CLANG_WARN_SUSPICIOUS_MOVE = YES;
				CLANG_WARN_UNGUARDED_AVAILABILITY = YES_AGGRESSIVE;
				CLANG_WARN_UNREACHABLE_CODE = YES;
				CLANG_WARN__DUPLICATE_METHOD_MATCH = YES;
				CODE_SIGN_IDENTITY = "iPhone Developer";
				COPY_PHASE_STRIP = NO;
				DEBUG_INFORMATION_FORMAT = "dwarf-with-dsym";
				ENABLE_NS_ASSERTIONS = NO;
				ENABLE_STRICT_OBJC_MSGSEND = YES;
				GCC_C_LANGUAGE_STANDARD = gnu11;
				GCC_NO_COMMON_BLOCKS = YES;
				GCC_WARN_64_TO_32_BIT_CONVERSION = YES;
				GCC_WARN_ABOUT_RETURN_TYPE = YES_ERROR;
				GCC_WARN_UNDECLARED_SELECTOR = YES;
				GCC_WARN_UNINITIALIZED_AUTOS = YES_AGGRESSIVE;
				GCC_WARN_UNUSED_FUNCTION = YES;
				GCC_WARN_UNUSED_VARIABLE = YES;
				IPHONEOS_DEPLOYMENT_TARGET = 12.2;
				MTL_ENABLE_DEBUG_INFO = NO;
				MTL_FAST_MATH = YES;
				SDKROOT = iphoneos;
				SWIFT_COMPILATION_MODE = wholemodule;
				SWIFT_OPTIMIZATION_LEVEL = "-O";
				VALIDATE_PRODUCT = YES;
			};
			name = Release;
		};
		9283B9E1228F9BD000E607A9 /* Debug */ = {
			isa = XCBuildConfiguration;
			baseConfigurationReference = F1369F23B67805E201289FD1 /* Pods-GroceryHelper.debug.xcconfig */;
			buildSettings = {
				ASSETCATALOG_COMPILER_APPICON_NAME = AppIcon;
				CODE_SIGN_STYLE = Automatic;
				INFOPLIST_FILE = GroceryHelper/Info.plist;
				LD_RUNPATH_SEARCH_PATHS = (
					"$(inherited)",
					"@executable_path/Frameworks",
				);
				PRODUCT_BUNDLE_IDENTIFIER = o.GroceryHelper;
				PRODUCT_NAME = "$(TARGET_NAME)";
				SWIFT_VERSION = 4.2;
				TARGETED_DEVICE_FAMILY = "1,2";
			};
			name = Debug;
		};
		9283B9E2228F9BD000E607A9 /* Release */ = {
			isa = XCBuildConfiguration;
			baseConfigurationReference = 6190E301AABBB22FE9E34D6D /* Pods-GroceryHelper.release.xcconfig */;
			buildSettings = {
				ASSETCATALOG_COMPILER_APPICON_NAME = AppIcon;
				CODE_SIGN_STYLE = Automatic;
				INFOPLIST_FILE = GroceryHelper/Info.plist;
				LD_RUNPATH_SEARCH_PATHS = (
					"$(inherited)",
					"@executable_path/Frameworks",
				);
				PRODUCT_BUNDLE_IDENTIFIER = o.GroceryHelper;
				PRODUCT_NAME = "$(TARGET_NAME)";
				SWIFT_VERSION = 4.2;
				TARGETED_DEVICE_FAMILY = "1,2";
			};
			name = Release;
		};
		9283B9E4228F9BD000E607A9 /* Debug */ = {
			isa = XCBuildConfiguration;
			baseConfigurationReference = 61EAA960B0585488791551B1 /* Pods-GroceryHelperTests.debug.xcconfig */;
			buildSettings = {
				ALWAYS_EMBED_SWIFT_STANDARD_LIBRARIES = YES;
				BUNDLE_LOADER = "$(TEST_HOST)";
				CODE_SIGN_STYLE = Automatic;
				INFOPLIST_FILE = GroceryHelperTests/Info.plist;
				LD_RUNPATH_SEARCH_PATHS = (
					"$(inherited)",
					"@executable_path/Frameworks",
					"@loader_path/Frameworks",
				);
				PRODUCT_BUNDLE_IDENTIFIER = o.GroceryHelperTests;
				PRODUCT_NAME = "$(TARGET_NAME)";
				SWIFT_VERSION = 5.0;
				TARGETED_DEVICE_FAMILY = "1,2";
				TEST_HOST = "$(BUILT_PRODUCTS_DIR)/GroceryHelper.app/GroceryHelper";
			};
			name = Debug;
		};
		9283B9E5228F9BD000E607A9 /* Release */ = {
			isa = XCBuildConfiguration;
			baseConfigurationReference = 97A3138E077C9C446D93ED45 /* Pods-GroceryHelperTests.release.xcconfig */;
			buildSettings = {
				ALWAYS_EMBED_SWIFT_STANDARD_LIBRARIES = YES;
				BUNDLE_LOADER = "$(TEST_HOST)";
				CODE_SIGN_STYLE = Automatic;
				INFOPLIST_FILE = GroceryHelperTests/Info.plist;
				LD_RUNPATH_SEARCH_PATHS = (
					"$(inherited)",
					"@executable_path/Frameworks",
					"@loader_path/Frameworks",
				);
				PRODUCT_BUNDLE_IDENTIFIER = o.GroceryHelperTests;
				PRODUCT_NAME = "$(TARGET_NAME)";
				SWIFT_VERSION = 5.0;
				TARGETED_DEVICE_FAMILY = "1,2";
				TEST_HOST = "$(BUILT_PRODUCTS_DIR)/GroceryHelper.app/GroceryHelper";
			};
			name = Release;
		};
		9283B9E7228F9BD000E607A9 /* Debug */ = {
			isa = XCBuildConfiguration;
			baseConfigurationReference = B36358C5417BA1B9705E71BE /* Pods-GroceryHelperUITests.debug.xcconfig */;
			buildSettings = {
				ALWAYS_EMBED_SWIFT_STANDARD_LIBRARIES = YES;
				CODE_SIGN_STYLE = Automatic;
				INFOPLIST_FILE = GroceryHelperUITests/Info.plist;
				LD_RUNPATH_SEARCH_PATHS = (
					"$(inherited)",
					"@executable_path/Frameworks",
					"@loader_path/Frameworks",
				);
				PRODUCT_BUNDLE_IDENTIFIER = o.GroceryHelperUITests;
				PRODUCT_NAME = "$(TARGET_NAME)";
				SWIFT_VERSION = 5.0;
				TARGETED_DEVICE_FAMILY = "1,2";
				TEST_TARGET_NAME = GroceryHelper;
			};
			name = Debug;
		};
		9283B9E8228F9BD000E607A9 /* Release */ = {
			isa = XCBuildConfiguration;
			baseConfigurationReference = 0F762FE9A426012A46EE1ADD /* Pods-GroceryHelperUITests.release.xcconfig */;
			buildSettings = {
				ALWAYS_EMBED_SWIFT_STANDARD_LIBRARIES = YES;
				CODE_SIGN_STYLE = Automatic;
				INFOPLIST_FILE = GroceryHelperUITests/Info.plist;
				LD_RUNPATH_SEARCH_PATHS = (
					"$(inherited)",
					"@executable_path/Frameworks",
					"@loader_path/Frameworks",
				);
				PRODUCT_BUNDLE_IDENTIFIER = o.GroceryHelperUITests;
				PRODUCT_NAME = "$(TARGET_NAME)";
				SWIFT_VERSION = 5.0;
				TARGETED_DEVICE_FAMILY = "1,2";
				TEST_TARGET_NAME = GroceryHelper;
			};
			name = Release;
		};
/* End XCBuildConfiguration section */

/* Begin XCConfigurationList section */
		9283B9B3228F9BCF00E607A9 /* Build configuration list for PBXProject "GroceryHelper" */ = {
			isa = XCConfigurationList;
			buildConfigurations = (
				9283B9DE228F9BD000E607A9 /* Debug */,
				9283B9DF228F9BD000E607A9 /* Release */,
			);
			defaultConfigurationIsVisible = 0;
			defaultConfigurationName = Release;
		};
		9283B9E0228F9BD000E607A9 /* Build configuration list for PBXNativeTarget "GroceryHelper" */ = {
			isa = XCConfigurationList;
			buildConfigurations = (
				9283B9E1228F9BD000E607A9 /* Debug */,
				9283B9E2228F9BD000E607A9 /* Release */,
			);
			defaultConfigurationIsVisible = 0;
			defaultConfigurationName = Release;
		};
		9283B9E3228F9BD000E607A9 /* Build configuration list for PBXNativeTarget "GroceryHelperTests" */ = {
			isa = XCConfigurationList;
			buildConfigurations = (
				9283B9E4228F9BD000E607A9 /* Debug */,
				9283B9E5228F9BD000E607A9 /* Release */,
			);
			defaultConfigurationIsVisible = 0;
			defaultConfigurationName = Release;
		};
		9283B9E6228F9BD000E607A9 /* Build configuration list for PBXNativeTarget "GroceryHelperUITests" */ = {
			isa = XCConfigurationList;
			buildConfigurations = (
				9283B9E7228F9BD000E607A9 /* Debug */,
				9283B9E8228F9BD000E607A9 /* Release */,
			);
			defaultConfigurationIsVisible = 0;
			defaultConfigurationName = Release;
		};
/* End XCConfigurationList section */
	};
	rootObject = 9283B9B0228F9BCF00E607A9 /* Project object */;
}
