// !$*UTF8*$!
{
	archiveVersion = 1;
	classes = {
	};
	objectVersion = 50;
	objects = {

/* Begin PBXBuildFile section */
		2C30D9B4DC5EEE81D1ED35F0 /* Pods_GroceryHelper2Tests.framework in Frameworks */ = {isa = PBXBuildFile; fileRef = 54F5E7F40E522BB980770D08 /* Pods_GroceryHelper2Tests.framework */; };
		922A433F22A3AE2100236F69 /* HaveListViewController.swift in Sources */ = {isa = PBXBuildFile; fileRef = 922A433E22A3AE2100236F69 /* HaveListViewController.swift */; };
		92E8DEDA22A36D02002E26CE /* AppDelegate.swift in Sources */ = {isa = PBXBuildFile; fileRef = 92E8DED922A36D02002E26CE /* AppDelegate.swift */; };
		92E8DEDC22A36D02002E26CE /* ViewController.swift in Sources */ = {isa = PBXBuildFile; fileRef = 92E8DEDB22A36D02002E26CE /* ViewController.swift */; };
		92E8DEDF22A36D02002E26CE /* Main.storyboard in Resources */ = {isa = PBXBuildFile; fileRef = 92E8DEDD22A36D02002E26CE /* Main.storyboard */; };
		92E8DEE122A36D03002E26CE /* Assets.xcassets in Resources */ = {isa = PBXBuildFile; fileRef = 92E8DEE022A36D03002E26CE /* Assets.xcassets */; };
		92E8DEE422A36D03002E26CE /* LaunchScreen.storyboard in Resources */ = {isa = PBXBuildFile; fileRef = 92E8DEE222A36D03002E26CE /* LaunchScreen.storyboard */; };
		92E8DEEF22A36D03002E26CE /* GroceryHelper2Tests.swift in Sources */ = {isa = PBXBuildFile; fileRef = 92E8DEEE22A36D03002E26CE /* GroceryHelper2Tests.swift */; };
		92E8DEFA22A36D03002E26CE /* GroceryHelper2UITests.swift in Sources */ = {isa = PBXBuildFile; fileRef = 92E8DEF922A36D03002E26CE /* GroceryHelper2UITests.swift */; };
		92E8DF0822A36E9E002E26CE /* GoogleService-Info.plist in Resources */ = {isa = PBXBuildFile; fileRef = 92E8DF0722A36E9E002E26CE /* GoogleService-Info.plist */; };
		92E8DF0A22A372EA002E26CE /* groceryhelper.png in Resources */ = {isa = PBXBuildFile; fileRef = 92E8DF0922A372EA002E26CE /* groceryhelper.png */; };
		92E8DF0C22A37345002E26CE /* LoginViewController.swift in Sources */ = {isa = PBXBuildFile; fileRef = 92E8DF0B22A37345002E26CE /* LoginViewController.swift */; };
		92E8DF1122A37F19002E26CE /* SettingsViewController.swift in Sources */ = {isa = PBXBuildFile; fileRef = 92E8DF1022A37F19002E26CE /* SettingsViewController.swift */; };
		92E8DF1322A38EAE002E26CE /* NeedListViewController.swift in Sources */ = {isa = PBXBuildFile; fileRef = 92E8DF1222A38EAE002E26CE /* NeedListViewController.swift */; };
		C7ED490BAC2121637B6077D4 /* Pods_GroceryHelper2UITests.framework in Frameworks */ = {isa = PBXBuildFile; fileRef = 6A921FECFD8592484D4AC549 /* Pods_GroceryHelper2UITests.framework */; };
		C827BFC409AF8909E5AE4385 /* Pods_GroceryHelper2.framework in Frameworks */ = {isa = PBXBuildFile; fileRef = A9D2FA43CD09B5B2CEA20013 /* Pods_GroceryHelper2.framework */; };
/* End PBXBuildFile section */

/* Begin PBXContainerItemProxy section */
		92E8DEEB22A36D03002E26CE /* PBXContainerItemProxy */ = {
			isa = PBXContainerItemProxy;
			containerPortal = 92E8DECE22A36D02002E26CE /* Project object */;
			proxyType = 1;
			remoteGlobalIDString = 92E8DED522A36D02002E26CE;
			remoteInfo = GroceryHelper2;
		};
		92E8DEF622A36D03002E26CE /* PBXContainerItemProxy */ = {
			isa = PBXContainerItemProxy;
			containerPortal = 92E8DECE22A36D02002E26CE /* Project object */;
			proxyType = 1;
			remoteGlobalIDString = 92E8DED522A36D02002E26CE;
			remoteInfo = GroceryHelper2;
		};
/* End PBXContainerItemProxy section */

/* Begin PBXFileReference section */
		1F716025D393585E1BC57449 /* Pods-GroceryHelper2Tests.debug.xcconfig */ = {isa = PBXFileReference; includeInIndex = 1; lastKnownFileType = text.xcconfig; name = "Pods-GroceryHelper2Tests.debug.xcconfig"; path = "Target Support Files/Pods-GroceryHelper2Tests/Pods-GroceryHelper2Tests.debug.xcconfig"; sourceTree = "<group>"; };
		49E6308B568414ABFD5D6F05 /* Pods-GroceryHelper2Tests.release.xcconfig */ = {isa = PBXFileReference; includeInIndex = 1; lastKnownFileType = text.xcconfig; name = "Pods-GroceryHelper2Tests.release.xcconfig"; path = "Target Support Files/Pods-GroceryHelper2Tests/Pods-GroceryHelper2Tests.release.xcconfig"; sourceTree = "<group>"; };
		54F5E7F40E522BB980770D08 /* Pods_GroceryHelper2Tests.framework */ = {isa = PBXFileReference; explicitFileType = wrapper.framework; includeInIndex = 0; path = Pods_GroceryHelper2Tests.framework; sourceTree = BUILT_PRODUCTS_DIR; };
		688758B4EF1FFBE49413B5F2 /* Pods-GroceryHelper2UITests.debug.xcconfig */ = {isa = PBXFileReference; includeInIndex = 1; lastKnownFileType = text.xcconfig; name = "Pods-GroceryHelper2UITests.debug.xcconfig"; path = "Target Support Files/Pods-GroceryHelper2UITests/Pods-GroceryHelper2UITests.debug.xcconfig"; sourceTree = "<group>"; };
		6A921FECFD8592484D4AC549 /* Pods_GroceryHelper2UITests.framework */ = {isa = PBXFileReference; explicitFileType = wrapper.framework; includeInIndex = 0; path = Pods_GroceryHelper2UITests.framework; sourceTree = BUILT_PRODUCTS_DIR; };
		922A433E22A3AE2100236F69 /* HaveListViewController.swift */ = {isa = PBXFileReference; lastKnownFileType = sourcecode.swift; path = HaveListViewController.swift; sourceTree = "<group>"; };
		92E8DED622A36D02002E26CE /* GroceryHelper2.app */ = {isa = PBXFileReference; explicitFileType = wrapper.application; includeInIndex = 0; path = GroceryHelper2.app; sourceTree = BUILT_PRODUCTS_DIR; };
		92E8DED922A36D02002E26CE /* AppDelegate.swift */ = {isa = PBXFileReference; lastKnownFileType = sourcecode.swift; path = AppDelegate.swift; sourceTree = "<group>"; };
		92E8DEDB22A36D02002E26CE /* ViewController.swift */ = {isa = PBXFileReference; lastKnownFileType = sourcecode.swift; path = ViewController.swift; sourceTree = "<group>"; };
		92E8DEDE22A36D02002E26CE /* Base */ = {isa = PBXFileReference; lastKnownFileType = file.storyboard; name = Base; path = Base.lproj/Main.storyboard; sourceTree = "<group>"; };
		92E8DEE022A36D03002E26CE /* Assets.xcassets */ = {isa = PBXFileReference; lastKnownFileType = folder.assetcatalog; path = Assets.xcassets; sourceTree = "<group>"; };
		92E8DEE322A36D03002E26CE /* Base */ = {isa = PBXFileReference; lastKnownFileType = file.storyboard; name = Base; path = Base.lproj/LaunchScreen.storyboard; sourceTree = "<group>"; };
		92E8DEE522A36D03002E26CE /* Info.plist */ = {isa = PBXFileReference; lastKnownFileType = text.plist.xml; path = Info.plist; sourceTree = "<group>"; };
		92E8DEEA22A36D03002E26CE /* GroceryHelper2Tests.xctest */ = {isa = PBXFileReference; explicitFileType = wrapper.cfbundle; includeInIndex = 0; path = GroceryHelper2Tests.xctest; sourceTree = BUILT_PRODUCTS_DIR; };
		92E8DEEE22A36D03002E26CE /* GroceryHelper2Tests.swift */ = {isa = PBXFileReference; lastKnownFileType = sourcecode.swift; path = GroceryHelper2Tests.swift; sourceTree = "<group>"; };
		92E8DEF022A36D03002E26CE /* Info.plist */ = {isa = PBXFileReference; lastKnownFileType = text.plist.xml; path = Info.plist; sourceTree = "<group>"; };
		92E8DEF522A36D03002E26CE /* GroceryHelper2UITests.xctest */ = {isa = PBXFileReference; explicitFileType = wrapper.cfbundle; includeInIndex = 0; path = GroceryHelper2UITests.xctest; sourceTree = BUILT_PRODUCTS_DIR; };
		92E8DEF922A36D03002E26CE /* GroceryHelper2UITests.swift */ = {isa = PBXFileReference; lastKnownFileType = sourcecode.swift; path = GroceryHelper2UITests.swift; sourceTree = "<group>"; };
		92E8DEFB22A36D03002E26CE /* Info.plist */ = {isa = PBXFileReference; lastKnownFileType = text.plist.xml; path = Info.plist; sourceTree = "<group>"; };
		92E8DF0722A36E9E002E26CE /* GoogleService-Info.plist */ = {isa = PBXFileReference; fileEncoding = 4; lastKnownFileType = text.plist.xml; path = "GoogleService-Info.plist"; sourceTree = "<group>"; };
		92E8DF0922A372EA002E26CE /* groceryhelper.png */ = {isa = PBXFileReference; lastKnownFileType = image.png; path = groceryhelper.png; sourceTree = "<group>"; };
		92E8DF0B22A37345002E26CE /* LoginViewController.swift */ = {isa = PBXFileReference; lastKnownFileType = sourcecode.swift; path = LoginViewController.swift; sourceTree = "<group>"; };
		92E8DF1022A37F19002E26CE /* SettingsViewController.swift */ = {isa = PBXFileReference; lastKnownFileType = sourcecode.swift; path = SettingsViewController.swift; sourceTree = "<group>"; };
		92E8DF1222A38EAE002E26CE /* NeedListViewController.swift */ = {isa = PBXFileReference; lastKnownFileType = sourcecode.swift; path = NeedListViewController.swift; sourceTree = "<group>"; };
		93A021431F2064DAE85355CC /* Pods-GroceryHelper2.release.xcconfig */ = {isa = PBXFileReference; includeInIndex = 1; lastKnownFileType = text.xcconfig; name = "Pods-GroceryHelper2.release.xcconfig"; path = "Target Support Files/Pods-GroceryHelper2/Pods-GroceryHelper2.release.xcconfig"; sourceTree = "<group>"; };
		A9D2FA43CD09B5B2CEA20013 /* Pods_GroceryHelper2.framework */ = {isa = PBXFileReference; explicitFileType = wrapper.framework; includeInIndex = 0; path = Pods_GroceryHelper2.framework; sourceTree = BUILT_PRODUCTS_DIR; };
		E0E46677B5256DC73C11BD6F /* Pods-GroceryHelper2.debug.xcconfig */ = {isa = PBXFileReference; includeInIndex = 1; lastKnownFileType = text.xcconfig; name = "Pods-GroceryHelper2.debug.xcconfig"; path = "Target Support Files/Pods-GroceryHelper2/Pods-GroceryHelper2.debug.xcconfig"; sourceTree = "<group>"; };
		EC78875CC2DA9FCEB089182A /* Pods-GroceryHelper2UITests.release.xcconfig */ = {isa = PBXFileReference; includeInIndex = 1; lastKnownFileType = text.xcconfig; name = "Pods-GroceryHelper2UITests.release.xcconfig"; path = "Target Support Files/Pods-GroceryHelper2UITests/Pods-GroceryHelper2UITests.release.xcconfig"; sourceTree = "<group>"; };
/* End PBXFileReference section */

/* Begin PBXFrameworksBuildPhase section */
		92E8DED322A36D02002E26CE /* Frameworks */ = {
			isa = PBXFrameworksBuildPhase;
			buildActionMask = 2147483647;
			files = (
				C827BFC409AF8909E5AE4385 /* Pods_GroceryHelper2.framework in Frameworks */,
			);
			runOnlyForDeploymentPostprocessing = 0;
		};
		92E8DEE722A36D03002E26CE /* Frameworks */ = {
			isa = PBXFrameworksBuildPhase;
			buildActionMask = 2147483647;
			files = (
				2C30D9B4DC5EEE81D1ED35F0 /* Pods_GroceryHelper2Tests.framework in Frameworks */,
			);
			runOnlyForDeploymentPostprocessing = 0;
		};
		92E8DEF222A36D03002E26CE /* Frameworks */ = {
			isa = PBXFrameworksBuildPhase;
			buildActionMask = 2147483647;
			files = (
				C7ED490BAC2121637B6077D4 /* Pods_GroceryHelper2UITests.framework in Frameworks */,
			);
			runOnlyForDeploymentPostprocessing = 0;
		};
/* End PBXFrameworksBuildPhase section */

/* Begin PBXGroup section */
		8558AA3CAEF245410CA1C9B7 /* Frameworks */ = {
			isa = PBXGroup;
			children = (
				A9D2FA43CD09B5B2CEA20013 /* Pods_GroceryHelper2.framework */,
				54F5E7F40E522BB980770D08 /* Pods_GroceryHelper2Tests.framework */,
				6A921FECFD8592484D4AC549 /* Pods_GroceryHelper2UITests.framework */,
			);
			name = Frameworks;
			sourceTree = "<group>";
		};
		92E8DECD22A36D02002E26CE = {
			isa = PBXGroup;
			children = (
				92E8DED822A36D02002E26CE /* GroceryHelper2 */,
				92E8DF0722A36E9E002E26CE /* GoogleService-Info.plist */,
				92E8DEED22A36D03002E26CE /* GroceryHelper2Tests */,
				92E8DEF822A36D03002E26CE /* GroceryHelper2UITests */,
				92E8DED722A36D02002E26CE /* Products */,
				AF1958B6168549D7F8785877 /* Pods */,
				8558AA3CAEF245410CA1C9B7 /* Frameworks */,
			);
			sourceTree = "<group>";
		};
		92E8DED722A36D02002E26CE /* Products */ = {
			isa = PBXGroup;
			children = (
				92E8DED622A36D02002E26CE /* GroceryHelper2.app */,
				92E8DEEA22A36D03002E26CE /* GroceryHelper2Tests.xctest */,
				92E8DEF522A36D03002E26CE /* GroceryHelper2UITests.xctest */,
			);
			name = Products;
			sourceTree = "<group>";
		};
		92E8DED822A36D02002E26CE /* GroceryHelper2 */ = {
			isa = PBXGroup;
			children = (
				92E8DF1022A37F19002E26CE /* SettingsViewController.swift */,
				92E8DED922A36D02002E26CE /* AppDelegate.swift */,
				92E8DEDB22A36D02002E26CE /* ViewController.swift */,
				92E8DEDD22A36D02002E26CE /* Main.storyboard */,
				92E8DEE022A36D03002E26CE /* Assets.xcassets */,
				92E8DEE222A36D03002E26CE /* LaunchScreen.storyboard */,
				92E8DF0922A372EA002E26CE /* groceryhelper.png */,
				92E8DEE522A36D03002E26CE /* Info.plist */,
				92E8DF0B22A37345002E26CE /* LoginViewController.swift */,
				92E8DF0F22A37EF4002E26CE /* New Group */,
				92E8DF1222A38EAE002E26CE /* NeedListViewController.swift */,
				922A433E22A3AE2100236F69 /* HaveListViewController.swift */,
			);
			path = GroceryHelper2;
			sourceTree = "<group>";
		};
		92E8DEED22A36D03002E26CE /* GroceryHelper2Tests */ = {
			isa = PBXGroup;
			children = (
				92E8DEEE22A36D03002E26CE /* GroceryHelper2Tests.swift */,
				92E8DEF022A36D03002E26CE /* Info.plist */,
			);
			path = GroceryHelper2Tests;
			sourceTree = "<group>";
		};
		92E8DEF822A36D03002E26CE /* GroceryHelper2UITests */ = {
			isa = PBXGroup;
			children = (
				92E8DEF922A36D03002E26CE /* GroceryHelper2UITests.swift */,
				92E8DEFB22A36D03002E26CE /* Info.plist */,
			);
			path = GroceryHelper2UITests;
			sourceTree = "<group>";
		};
		92E8DF0F22A37EF4002E26CE /* New Group */ = {
			isa = PBXGroup;
			children = (
			);
			path = "New Group";
			sourceTree = "<group>";
		};
		AF1958B6168549D7F8785877 /* Pods */ = {
			isa = PBXGroup;
			children = (
				E0E46677B5256DC73C11BD6F /* Pods-GroceryHelper2.debug.xcconfig */,
				93A021431F2064DAE85355CC /* Pods-GroceryHelper2.release.xcconfig */,
				1F716025D393585E1BC57449 /* Pods-GroceryHelper2Tests.debug.xcconfig */,
				49E6308B568414ABFD5D6F05 /* Pods-GroceryHelper2Tests.release.xcconfig */,
				688758B4EF1FFBE49413B5F2 /* Pods-GroceryHelper2UITests.debug.xcconfig */,
				EC78875CC2DA9FCEB089182A /* Pods-GroceryHelper2UITests.release.xcconfig */,
			);
			path = Pods;
			sourceTree = "<group>";
		};
/* End PBXGroup section */

/* Begin PBXNativeTarget section */
		92E8DED522A36D02002E26CE /* GroceryHelper2 */ = {
			isa = PBXNativeTarget;
			buildConfigurationList = 92E8DEFE22A36D03002E26CE /* Build configuration list for PBXNativeTarget "GroceryHelper2" */;
			buildPhases = (
				173B849A4936FE88E1A9DA14 /* [CP] Check Pods Manifest.lock */,
				92E8DED222A36D02002E26CE /* Sources */,
				92E8DED322A36D02002E26CE /* Frameworks */,
				92E8DED422A36D02002E26CE /* Resources */,
				7E7A89B2A87B00E918F745CB /* [CP] Embed Pods Frameworks */,
			);
			buildRules = (
			);
			dependencies = (
			);
			name = GroceryHelper2;
			productName = GroceryHelper2;
			productReference = 92E8DED622A36D02002E26CE /* GroceryHelper2.app */;
			productType = "com.apple.product-type.application";
		};
		92E8DEE922A36D03002E26CE /* GroceryHelper2Tests */ = {
			isa = PBXNativeTarget;
			buildConfigurationList = 92E8DF0122A36D03002E26CE /* Build configuration list for PBXNativeTarget "GroceryHelper2Tests" */;
			buildPhases = (
				723AFFCC2CAF1724A0D3A06F /* [CP] Check Pods Manifest.lock */,
				92E8DEE622A36D03002E26CE /* Sources */,
				92E8DEE722A36D03002E26CE /* Frameworks */,
				92E8DEE822A36D03002E26CE /* Resources */,
			);
			buildRules = (
			);
			dependencies = (
				92E8DEEC22A36D03002E26CE /* PBXTargetDependency */,
			);
			name = GroceryHelper2Tests;
			productName = GroceryHelper2Tests;
			productReference = 92E8DEEA22A36D03002E26CE /* GroceryHelper2Tests.xctest */;
			productType = "com.apple.product-type.bundle.unit-test";
		};
		92E8DEF422A36D03002E26CE /* GroceryHelper2UITests */ = {
			isa = PBXNativeTarget;
			buildConfigurationList = 92E8DF0422A36D03002E26CE /* Build configuration list for PBXNativeTarget "GroceryHelper2UITests" */;
			buildPhases = (
				CFC62D4A9BD502EDCFD93D77 /* [CP] Check Pods Manifest.lock */,
				92E8DEF122A36D03002E26CE /* Sources */,
				92E8DEF222A36D03002E26CE /* Frameworks */,
				92E8DEF322A36D03002E26CE /* Resources */,
			);
			buildRules = (
			);
			dependencies = (
				92E8DEF722A36D03002E26CE /* PBXTargetDependency */,
			);
			name = GroceryHelper2UITests;
			productName = GroceryHelper2UITests;
			productReference = 92E8DEF522A36D03002E26CE /* GroceryHelper2UITests.xctest */;
			productType = "com.apple.product-type.bundle.ui-testing";
		};
/* End PBXNativeTarget section */

/* Begin PBXProject section */
		92E8DECE22A36D02002E26CE /* Project object */ = {
			isa = PBXProject;
			attributes = {
				LastSwiftUpdateCheck = 1010;
				LastUpgradeCheck = 1010;
				ORGANIZATIONNAME = user150278;
				TargetAttributes = {
					92E8DED522A36D02002E26CE = {
						CreatedOnToolsVersion = 10.1;
					};
					92E8DEE922A36D03002E26CE = {
						CreatedOnToolsVersion = 10.1;
						TestTargetID = 92E8DED522A36D02002E26CE;
					};
					92E8DEF422A36D03002E26CE = {
						CreatedOnToolsVersion = 10.1;
						TestTargetID = 92E8DED522A36D02002E26CE;
					};
				};
			};
			buildConfigurationList = 92E8DED122A36D02002E26CE /* Build configuration list for PBXProject "GroceryHelper2" */;
			compatibilityVersion = "Xcode 9.3";
			developmentRegion = en;
			hasScannedForEncodings = 0;
			knownRegions = (
				en,
				Base,
			);
			mainGroup = 92E8DECD22A36D02002E26CE;
			productRefGroup = 92E8DED722A36D02002E26CE /* Products */;
			projectDirPath = "";
			projectRoot = "";
			targets = (
				92E8DED522A36D02002E26CE /* GroceryHelper2 */,
				92E8DEE922A36D03002E26CE /* GroceryHelper2Tests */,
				92E8DEF422A36D03002E26CE /* GroceryHelper2UITests */,
			);
		};
/* End PBXProject section */

/* Begin PBXResourcesBuildPhase section */
		92E8DED422A36D02002E26CE /* Resources */ = {
			isa = PBXResourcesBuildPhase;
			buildActionMask = 2147483647;
			files = (
				92E8DEE422A36D03002E26CE /* LaunchScreen.storyboard in Resources */,
				92E8DEE122A36D03002E26CE /* Assets.xcassets in Resources */,
				92E8DEDF22A36D02002E26CE /* Main.storyboard in Resources */,
				92E8DF0822A36E9E002E26CE /* GoogleService-Info.plist in Resources */,
				92E8DF0A22A372EA002E26CE /* groceryhelper.png in Resources */,
			);
			runOnlyForDeploymentPostprocessing = 0;
		};
		92E8DEE822A36D03002E26CE /* Resources */ = {
			isa = PBXResourcesBuildPhase;
			buildActionMask = 2147483647;
			files = (
			);
			runOnlyForDeploymentPostprocessing = 0;
		};
		92E8DEF322A36D03002E26CE /* Resources */ = {
			isa = PBXResourcesBuildPhase;
			buildActionMask = 2147483647;
			files = (
			);
			runOnlyForDeploymentPostprocessing = 0;
		};
/* End PBXResourcesBuildPhase section */

/* Begin PBXShellScriptBuildPhase section */
		173B849A4936FE88E1A9DA14 /* [CP] Check Pods Manifest.lock */ = {
			isa = PBXShellScriptBuildPhase;
			buildActionMask = 2147483647;
			files = (
			);
			inputFileListPaths = (
			);
			inputPaths = (
				"${PODS_PODFILE_DIR_PATH}/Podfile.lock",
				"${PODS_ROOT}/Manifest.lock",
			);
			name = "[CP] Check Pods Manifest.lock";
			outputFileListPaths = (
			);
			outputPaths = (
				"$(DERIVED_FILE_DIR)/Pods-GroceryHelper2-checkManifestLockResult.txt",
			);
			runOnlyForDeploymentPostprocessing = 0;
			shellPath = /bin/sh;
			shellScript = "diff \"${PODS_PODFILE_DIR_PATH}/Podfile.lock\" \"${PODS_ROOT}/Manifest.lock\" > /dev/null\nif [ $? != 0 ] ; then\n    # print error to STDERR\n    echo \"error: The sandbox is not in sync with the Podfile.lock. Run 'pod install' or update your CocoaPods installation.\" >&2\n    exit 1\nfi\n# This output is used by Xcode 'outputs' to avoid re-running this script phase.\necho \"SUCCESS\" > \"${SCRIPT_OUTPUT_FILE_0}\"\n";
			showEnvVarsInLog = 0;
		};
		723AFFCC2CAF1724A0D3A06F /* [CP] Check Pods Manifest.lock */ = {
			isa = PBXShellScriptBuildPhase;
			buildActionMask = 2147483647;
			files = (
			);
			inputFileListPaths = (
			);
			inputPaths = (
				"${PODS_PODFILE_DIR_PATH}/Podfile.lock",
				"${PODS_ROOT}/Manifest.lock",
			);
			name = "[CP] Check Pods Manifest.lock";
			outputFileListPaths = (
			);
			outputPaths = (
				"$(DERIVED_FILE_DIR)/Pods-GroceryHelper2Tests-checkManifestLockResult.txt",
			);
			runOnlyForDeploymentPostprocessing = 0;
			shellPath = /bin/sh;
			shellScript = "diff \"${PODS_PODFILE_DIR_PATH}/Podfile.lock\" \"${PODS_ROOT}/Manifest.lock\" > /dev/null\nif [ $? != 0 ] ; then\n    # print error to STDERR\n    echo \"error: The sandbox is not in sync with the Podfile.lock. Run 'pod install' or update your CocoaPods installation.\" >&2\n    exit 1\nfi\n# This output is used by Xcode 'outputs' to avoid re-running this script phase.\necho \"SUCCESS\" > \"${SCRIPT_OUTPUT_FILE_0}\"\n";
			showEnvVarsInLog = 0;
		};
		7E7A89B2A87B00E918F745CB /* [CP] Embed Pods Frameworks */ = {
			isa = PBXShellScriptBuildPhase;
			buildActionMask = 2147483647;
			files = (
			);
			inputFileListPaths = (
			);
			inputPaths = (
				"${PODS_ROOT}/Target Support Files/Pods-GroceryHelper2/Pods-GroceryHelper2-frameworks.sh",
				"${BUILT_PRODUCTS_DIR}/GTMSessionFetcher/GTMSessionFetcher.framework",
				"${BUILT_PRODUCTS_DIR}/GoogleUtilities/GoogleUtilities.framework",
				"${BUILT_PRODUCTS_DIR}/leveldb-library/leveldb.framework",
				"${BUILT_PRODUCTS_DIR}/nanopb/nanopb.framework",
			);
			name = "[CP] Embed Pods Frameworks";
			outputFileListPaths = (
			);
			outputPaths = (
				"${TARGET_BUILD_DIR}/${FRAMEWORKS_FOLDER_PATH}/GTMSessionFetcher.framework",
				"${TARGET_BUILD_DIR}/${FRAMEWORKS_FOLDER_PATH}/GoogleUtilities.framework",
				"${TARGET_BUILD_DIR}/${FRAMEWORKS_FOLDER_PATH}/leveldb.framework",
				"${TARGET_BUILD_DIR}/${FRAMEWORKS_FOLDER_PATH}/nanopb.framework",
			);
			runOnlyForDeploymentPostprocessing = 0;
			shellPath = /bin/sh;
			shellScript = "\"${PODS_ROOT}/Target Support Files/Pods-GroceryHelper2/Pods-GroceryHelper2-frameworks.sh\"\n";
			showEnvVarsInLog = 0;
		};
		CFC62D4A9BD502EDCFD93D77 /* [CP] Check Pods Manifest.lock */ = {
			isa = PBXShellScriptBuildPhase;
			buildActionMask = 2147483647;
			files = (
			);
			inputFileListPaths = (
			);
			inputPaths = (
				"${PODS_PODFILE_DIR_PATH}/Podfile.lock",
				"${PODS_ROOT}/Manifest.lock",
			);
			name = "[CP] Check Pods Manifest.lock";
			outputFileListPaths = (
			);
			outputPaths = (
				"$(DERIVED_FILE_DIR)/Pods-GroceryHelper2UITests-checkManifestLockResult.txt",
			);
			runOnlyForDeploymentPostprocessing = 0;
			shellPath = /bin/sh;
			shellScript = "diff \"${PODS_PODFILE_DIR_PATH}/Podfile.lock\" \"${PODS_ROOT}/Manifest.lock\" > /dev/null\nif [ $? != 0 ] ; then\n    # print error to STDERR\n    echo \"error: The sandbox is not in sync with the Podfile.lock. Run 'pod install' or update your CocoaPods installation.\" >&2\n    exit 1\nfi\n# This output is used by Xcode 'outputs' to avoid re-running this script phase.\necho \"SUCCESS\" > \"${SCRIPT_OUTPUT_FILE_0}\"\n";
			showEnvVarsInLog = 0;
		};
/* End PBXShellScriptBuildPhase section */

/* Begin PBXSourcesBuildPhase section */
		92E8DED222A36D02002E26CE /* Sources */ = {
			isa = PBXSourcesBuildPhase;
			buildActionMask = 2147483647;
			files = (
				922A433F22A3AE2100236F69 /* HaveListViewController.swift in Sources */,
				92E8DF0C22A37345002E26CE /* LoginViewController.swift in Sources */,
				92E8DEDC22A36D02002E26CE /* ViewController.swift in Sources */,
				92E8DF1322A38EAE002E26CE /* NeedListViewController.swift in Sources */,
				92E8DEDA22A36D02002E26CE /* AppDelegate.swift in Sources */,
				92E8DF1122A37F19002E26CE /* SettingsViewController.swift in Sources */,
			);
			runOnlyForDeploymentPostprocessing = 0;
		};
		92E8DEE622A36D03002E26CE /* Sources */ = {
			isa = PBXSourcesBuildPhase;
			buildActionMask = 2147483647;
			files = (
				92E8DEEF22A36D03002E26CE /* GroceryHelper2Tests.swift in Sources */,
			);
			runOnlyForDeploymentPostprocessing = 0;
		};
		92E8DEF122A36D03002E26CE /* Sources */ = {
			isa = PBXSourcesBuildPhase;
			buildActionMask = 2147483647;
			files = (
				92E8DEFA22A36D03002E26CE /* GroceryHelper2UITests.swift in Sources */,
			);
			runOnlyForDeploymentPostprocessing = 0;
		};
/* End PBXSourcesBuildPhase section */

/* Begin PBXTargetDependency section */
		92E8DEEC22A36D03002E26CE /* PBXTargetDependency */ = {
			isa = PBXTargetDependency;
			target = 92E8DED522A36D02002E26CE /* GroceryHelper2 */;
			targetProxy = 92E8DEEB22A36D03002E26CE /* PBXContainerItemProxy */;
		};
		92E8DEF722A36D03002E26CE /* PBXTargetDependency */ = {
			isa = PBXTargetDependency;
			target = 92E8DED522A36D02002E26CE /* GroceryHelper2 */;
			targetProxy = 92E8DEF622A36D03002E26CE /* PBXContainerItemProxy */;
		};
/* End PBXTargetDependency section */

/* Begin PBXVariantGroup section */
		92E8DEDD22A36D02002E26CE /* Main.storyboard */ = {
			isa = PBXVariantGroup;
			children = (
				92E8DEDE22A36D02002E26CE /* Base */,
			);
			name = Main.storyboard;
			sourceTree = "<group>";
		};
		92E8DEE222A36D03002E26CE /* LaunchScreen.storyboard */ = {
			isa = PBXVariantGroup;
			children = (
				92E8DEE322A36D03002E26CE /* Base */,
			);
			name = LaunchScreen.storyboard;
			sourceTree = "<group>";
		};
/* End PBXVariantGroup section */

/* Begin XCBuildConfiguration section */
		92E8DEFC22A36D03002E26CE /* Debug */ = {
			isa = XCBuildConfiguration;
			buildSettings = {
				ALWAYS_SEARCH_USER_PATHS = NO;
				CLANG_ANALYZER_NONNULL = YES;
				CLANG_ANALYZER_NUMBER_OBJECT_CONVERSION = YES_AGGRESSIVE;
				CLANG_CXX_LANGUAGE_STANDARD = "gnu++14";
				CLANG_CXX_LIBRARY = "libc++";
				CLANG_ENABLE_MODULES = YES;
				CLANG_ENABLE_OBJC_ARC = YES;
				CLANG_ENABLE_OBJC_WEAK = YES;
				CLANG_WARN_BLOCK_CAPTURE_AUTORELEASING = YES;
				CLANG_WARN_BOOL_CONVERSION = YES;
				CLANG_WARN_COMMA = YES;
				CLANG_WARN_CONSTANT_CONVERSION = YES;
				CLANG_WARN_DEPRECATED_OBJC_IMPLEMENTATIONS = YES;
				CLANG_WARN_DIRECT_OBJC_ISA_USAGE = YES_ERROR;
				CLANG_WARN_DOCUMENTATION_COMMENTS = YES;
				CLANG_WARN_EMPTY_BODY = YES;
				CLANG_WARN_ENUM_CONVERSION = YES;
				CLANG_WARN_INFINITE_RECURSION = YES;
				CLANG_WARN_INT_CONVERSION = YES;
				CLANG_WARN_NON_LITERAL_NULL_CONVERSION = YES;
				CLANG_WARN_OBJC_IMPLICIT_RETAIN_SELF = YES;
				CLANG_WARN_OBJC_LITERAL_CONVERSION = YES;
				CLANG_WARN_OBJC_ROOT_CLASS = YES_ERROR;
				CLANG_WARN_RANGE_LOOP_ANALYSIS = YES;
				CLANG_WARN_STRICT_PROTOTYPES = YES;
				CLANG_WARN_SUSPICIOUS_MOVE = YES;
				CLANG_WARN_UNGUARDED_AVAILABILITY = YES_AGGRESSIVE;
				CLANG_WARN_UNREACHABLE_CODE = YES;
				CLANG_WARN__DUPLICATE_METHOD_MATCH = YES;
				CODE_SIGN_IDENTITY = "iPhone Developer";
				COPY_PHASE_STRIP = NO;
				DEBUG_INFORMATION_FORMAT = dwarf;
				ENABLE_STRICT_OBJC_MSGSEND = YES;
				ENABLE_TESTABILITY = YES;
				GCC_C_LANGUAGE_STANDARD = gnu11;
				GCC_DYNAMIC_NO_PIC = NO;
				GCC_NO_COMMON_BLOCKS = YES;
				GCC_OPTIMIZATION_LEVEL = 0;
				GCC_PREPROCESSOR_DEFINITIONS = (
					"DEBUG=1",
					"$(inherited)",
				);
				GCC_WARN_64_TO_32_BIT_CONVERSION = YES;
				GCC_WARN_ABOUT_RETURN_TYPE = YES_ERROR;
				GCC_WARN_UNDECLARED_SELECTOR = YES;
				GCC_WARN_UNINITIALIZED_AUTOS = YES_AGGRESSIVE;
				GCC_WARN_UNUSED_FUNCTION = YES;
				GCC_WARN_UNUSED_VARIABLE = YES;
				IPHONEOS_DEPLOYMENT_TARGET = 12.1;
				MTL_ENABLE_DEBUG_INFO = INCLUDE_SOURCE;
				MTL_FAST_MATH = YES;
				ONLY_ACTIVE_ARCH = YES;
				SDKROOT = iphoneos;
				SWIFT_ACTIVE_COMPILATION_CONDITIONS = DEBUG;
				SWIFT_OPTIMIZATION_LEVEL = "-Onone";
			};
			name = Debug;
		};
		92E8DEFD22A36D03002E26CE /* Release */ = {
			isa = XCBuildConfiguration;
			buildSettings = {
				ALWAYS_SEARCH_USER_PATHS = NO;
				CLANG_ANALYZER_NONNULL = YES;
				CLANG_ANALYZER_NUMBER_OBJECT_CONVERSION = YES_AGGRESSIVE;
				CLANG_CXX_LANGUAGE_STANDARD = "gnu++14";
				CLANG_CXX_LIBRARY = "libc++";
				CLANG_ENABLE_MODULES = YES;
				CLANG_ENABLE_OBJC_ARC = YES;
				CLANG_ENABLE_OBJC_WEAK = YES;
				CLANG_WARN_BLOCK_CAPTURE_AUTORELEASING = YES;
				CLANG_WARN_BOOL_CONVERSION = YES;
				CLANG_WARN_COMMA = YES;
				CLANG_WARN_CONSTANT_CONVERSION = YES;
				CLANG_WARN_DEPRECATED_OBJC_IMPLEMENTATIONS = YES;
				CLANG_WARN_DIRECT_OBJC_ISA_USAGE = YES_ERROR;
				CLANG_WARN_DOCUMENTATION_COMMENTS = YES;
				CLANG_WARN_EMPTY_BODY = YES;
				CLANG_WARN_ENUM_CONVERSION = YES;
				CLANG_WARN_INFINITE_RECURSION = YES;
				CLANG_WARN_INT_CONVERSION = YES;
				CLANG_WARN_NON_LITERAL_NULL_CONVERSION = YES;
				CLANG_WARN_OBJC_IMPLICIT_RETAIN_SELF = YES;
				CLANG_WARN_OBJC_LITERAL_CONVERSION = YES;
				CLANG_WARN_OBJC_ROOT_CLASS = YES_ERROR;
				CLANG_WARN_RANGE_LOOP_ANALYSIS = YES;
				CLANG_WARN_STRICT_PROTOTYPES = YES;
				CLANG_WARN_SUSPICIOUS_MOVE = YES;
				CLANG_WARN_UNGUARDED_AVAILABILITY = YES_AGGRESSIVE;
				CLANG_WARN_UNREACHABLE_CODE = YES;
				CLANG_WARN__DUPLICATE_METHOD_MATCH = YES;
				CODE_SIGN_IDENTITY = "iPhone Developer";
				COPY_PHASE_STRIP = NO;
				DEBUG_INFORMATION_FORMAT = "dwarf-with-dsym";
				ENABLE_NS_ASSERTIONS = NO;
				ENABLE_STRICT_OBJC_MSGSEND = YES;
				GCC_C_LANGUAGE_STANDARD = gnu11;
				GCC_NO_COMMON_BLOCKS = YES;
				GCC_WARN_64_TO_32_BIT_CONVERSION = YES;
				GCC_WARN_ABOUT_RETURN_TYPE = YES_ERROR;
				GCC_WARN_UNDECLARED_SELECTOR = YES;
				GCC_WARN_UNINITIALIZED_AUTOS = YES_AGGRESSIVE;
				GCC_WARN_UNUSED_FUNCTION = YES;
				GCC_WARN_UNUSED_VARIABLE = YES;
				IPHONEOS_DEPLOYMENT_TARGET = 12.1;
				MTL_ENABLE_DEBUG_INFO = NO;
				MTL_FAST_MATH = YES;
				SDKROOT = iphoneos;
				SWIFT_COMPILATION_MODE = wholemodule;
				SWIFT_OPTIMIZATION_LEVEL = "-O";
				VALIDATE_PRODUCT = YES;
			};
			name = Release;
		};
		92E8DEFF22A36D03002E26CE /* Debug */ = {
			isa = XCBuildConfiguration;
			baseConfigurationReference = E0E46677B5256DC73C11BD6F /* Pods-GroceryHelper2.debug.xcconfig */;
			buildSettings = {
				ASSETCATALOG_COMPILER_APPICON_NAME = AppIcon;
				CODE_SIGN_STYLE = Automatic;
				INFOPLIST_FILE = GroceryHelper2/Info.plist;
				LD_RUNPATH_SEARCH_PATHS = (
					"$(inherited)",
					"@executable_path/Frameworks",
				);
				PRODUCT_BUNDLE_IDENTIFIER = o.GroceryHelper2;
				PRODUCT_NAME = "$(TARGET_NAME)";
				SWIFT_VERSION = 4.2;
				TARGETED_DEVICE_FAMILY = "1,2";
			};
			name = Debug;
		};
		92E8DF0022A36D03002E26CE /* Release */ = {
			isa = XCBuildConfiguration;
			baseConfigurationReference = 93A021431F2064DAE85355CC /* Pods-GroceryHelper2.release.xcconfig */;
			buildSettings = {
				ASSETCATALOG_COMPILER_APPICON_NAME = AppIcon;
				CODE_SIGN_STYLE = Automatic;
				INFOPLIST_FILE = GroceryHelper2/Info.plist;
				LD_RUNPATH_SEARCH_PATHS = (
					"$(inherited)",
					"@executable_path/Frameworks",
				);
				PRODUCT_BUNDLE_IDENTIFIER = o.GroceryHelper2;
				PRODUCT_NAME = "$(TARGET_NAME)";
				SWIFT_VERSION = 4.2;
				TARGETED_DEVICE_FAMILY = "1,2";
			};
			name = Release;
		};
		92E8DF0222A36D03002E26CE /* Debug */ = {
			isa = XCBuildConfiguration;
			baseConfigurationReference = 1F716025D393585E1BC57449 /* Pods-GroceryHelper2Tests.debug.xcconfig */;
			buildSettings = {
				ALWAYS_EMBED_SWIFT_STANDARD_LIBRARIES = YES;
				BUNDLE_LOADER = "$(TEST_HOST)";
				CODE_SIGN_STYLE = Automatic;
				INFOPLIST_FILE = GroceryHelper2Tests/Info.plist;
				LD_RUNPATH_SEARCH_PATHS = (
					"$(inherited)",
					"@executable_path/Frameworks",
					"@loader_path/Frameworks",
				);
				PRODUCT_BUNDLE_IDENTIFIER = o.GroceryHelper2Tests;
				PRODUCT_NAME = "$(TARGET_NAME)";
				SWIFT_VERSION = 4.2;
				TARGETED_DEVICE_FAMILY = "1,2";
				TEST_HOST = "$(BUILT_PRODUCTS_DIR)/GroceryHelper2.app/GroceryHelper2";
			};
			name = Debug;
		};
		92E8DF0322A36D03002E26CE /* Release */ = {
			isa = XCBuildConfiguration;
			baseConfigurationReference = 49E6308B568414ABFD5D6F05 /* Pods-GroceryHelper2Tests.release.xcconfig */;
			buildSettings = {
				ALWAYS_EMBED_SWIFT_STANDARD_LIBRARIES = YES;
				BUNDLE_LOADER = "$(TEST_HOST)";
				CODE_SIGN_STYLE = Automatic;
				INFOPLIST_FILE = GroceryHelper2Tests/Info.plist;
				LD_RUNPATH_SEARCH_PATHS = (
					"$(inherited)",
					"@executable_path/Frameworks",
					"@loader_path/Frameworks",
				);
				PRODUCT_BUNDLE_IDENTIFIER = o.GroceryHelper2Tests;
				PRODUCT_NAME = "$(TARGET_NAME)";
				SWIFT_VERSION = 4.2;
				TARGETED_DEVICE_FAMILY = "1,2";
				TEST_HOST = "$(BUILT_PRODUCTS_DIR)/GroceryHelper2.app/GroceryHelper2";
			};
			name = Release;
		};
		92E8DF0522A36D03002E26CE /* Debug */ = {
			isa = XCBuildConfiguration;
			baseConfigurationReference = 688758B4EF1FFBE49413B5F2 /* Pods-GroceryHelper2UITests.debug.xcconfig */;
			buildSettings = {
				ALWAYS_EMBED_SWIFT_STANDARD_LIBRARIES = YES;
				CODE_SIGN_STYLE = Automatic;
				INFOPLIST_FILE = GroceryHelper2UITests/Info.plist;
				LD_RUNPATH_SEARCH_PATHS = (
					"$(inherited)",
					"@executable_path/Frameworks",
					"@loader_path/Frameworks",
				);
				PRODUCT_BUNDLE_IDENTIFIER = o.GroceryHelper2UITests;
				PRODUCT_NAME = "$(TARGET_NAME)";
				SWIFT_VERSION = 4.2;
				TARGETED_DEVICE_FAMILY = "1,2";
				TEST_TARGET_NAME = GroceryHelper2;
			};
			name = Debug;
		};
		92E8DF0622A36D03002E26CE /* Release */ = {
			isa = XCBuildConfiguration;
			baseConfigurationReference = EC78875CC2DA9FCEB089182A /* Pods-GroceryHelper2UITests.release.xcconfig */;
			buildSettings = {
				ALWAYS_EMBED_SWIFT_STANDARD_LIBRARIES = YES;
				CODE_SIGN_STYLE = Automatic;
				INFOPLIST_FILE = GroceryHelper2UITests/Info.plist;
				LD_RUNPATH_SEARCH_PATHS = (
					"$(inherited)",
					"@executable_path/Frameworks",
					"@loader_path/Frameworks",
				);
				PRODUCT_BUNDLE_IDENTIFIER = o.GroceryHelper2UITests;
				PRODUCT_NAME = "$(TARGET_NAME)";
				SWIFT_VERSION = 4.2;
				TARGETED_DEVICE_FAMILY = "1,2";
				TEST_TARGET_NAME = GroceryHelper2;
			};
			name = Release;
		};
/* End XCBuildConfiguration section */

/* Begin XCConfigurationList section */
		92E8DED122A36D02002E26CE /* Build configuration list for PBXProject "GroceryHelper2" */ = {
			isa = XCConfigurationList;
			buildConfigurations = (
				92E8DEFC22A36D03002E26CE /* Debug */,
				92E8DEFD22A36D03002E26CE /* Release */,
			);
			defaultConfigurationIsVisible = 0;
			defaultConfigurationName = Release;
		};
		92E8DEFE22A36D03002E26CE /* Build configuration list for PBXNativeTarget "GroceryHelper2" */ = {
			isa = XCConfigurationList;
			buildConfigurations = (
				92E8DEFF22A36D03002E26CE /* Debug */,
				92E8DF0022A36D03002E26CE /* Release */,
			);
			defaultConfigurationIsVisible = 0;
			defaultConfigurationName = Release;
		};
		92E8DF0122A36D03002E26CE /* Build configuration list for PBXNativeTarget "GroceryHelper2Tests" */ = {
			isa = XCConfigurationList;
			buildConfigurations = (
				92E8DF0222A36D03002E26CE /* Debug */,
				92E8DF0322A36D03002E26CE /* Release */,
			);
			defaultConfigurationIsVisible = 0;
			defaultConfigurationName = Release;
		};
		92E8DF0422A36D03002E26CE /* Build configuration list for PBXNativeTarget "GroceryHelper2UITests" */ = {
			isa = XCConfigurationList;
			buildConfigurations = (
				92E8DF0522A36D03002E26CE /* Debug */,
				92E8DF0622A36D03002E26CE /* Release */,
			);
			defaultConfigurationIsVisible = 0;
			defaultConfigurationName = Release;
		};
/* End XCConfigurationList section */
	};
	rootObject = 92E8DECE22A36D02002E26CE /* Project object */;
}
